
Microsoft Visual Studio Solution File, Format Version 12.00
# Visual Studio Version 17
VisualStudioVersion = 17.0.32126.317
MinimumVisualStudioVersion = 10.0.40219.1
Project("{FAE04EC0-301F-11D3-BF4B-00C04F79EFBC}") = "PickingSoftware", "PickingSoftware\PickingSoftware.csproj", "{17C23992-0D26-4AC9-B6A6-4A203B39018A}"
EndProject
Global
	GlobalSection(SolutionConfigurationPlatforms) = preSolution
		Debug|Any CPU = Debug|Any CPU
		Release|Any CPU = Release|Any CPU
	EndGlobalSection
	GlobalSection(ProjectConfigurationPlatforms) = postSolution
		{17C23992-0D26-4AC9-B6A6-4A203B39018A}.Debug|Any CPU.ActiveCfg = Debug|Any CPU
		{17C23992-0D26-4AC9-B6A6-4A203B39018A}.Debug|Any CPU.Build.0 = Debug|Any CPU
		{17C23992-0D26-4AC9-B6A6-4A203B39018A}.Release|Any CPU.ActiveCfg = Release|Any CPU
		{17C23992-0D26-4AC9-B6A6-4A203B39018A}.Release|Any CPU.Build.0 = Release|Any CPU
	EndGlobalSection
	GlobalSection(SolutionProperties) = preSolution
		HideSolutionNode = FALSE
	EndGlobalSection
	GlobalSection(ExtensibilityGlobals) = postSolution
		SolutionGuid = {41423C8B-45B0-4841-B103-6119B375C4E0}
	EndGlobalSection
EndGlobal
